
Microsoft Visual Studio Solution File, Format Version 12.00
# Visual Studio Version 16
VisualStudioVersion = 16.0.30225.117
MinimumVisualStudioVersion = 10.0.40219.1
Project("{9A19103F-16F7-4668-BE54-9A1E7A4F7556}") = "Models", "Models\Models.csproj", "{F02155D6-8D80-4D05-9CE7-25BCD93F8371}"
EndProject
Project("{9A19103F-16F7-4668-BE54-9A1E7A4F7556}") = "Repositories", "Repositories\Repositories.csproj", "{0B3E4051-DE55-4B62-9272-7014451F7948}"
EndProject
Project("{9A19103F-16F7-4668-BE54-9A1E7A4F7556}") = "Services", "Services\Services.csproj", "{CE3683F7-BBC7-4F4B-8B5B-0CBB381EBAB4}"
EndProject
Project("{9A19103F-16F7-4668-BE54-9A1E7A4F7556}") = "Web", "Web\Web.csproj", "{4307F327-1B5E-42A1-A8AF-FFC1DB8F75CF}"
EndProject
Project("{FAE04EC0-301F-11D3-BF4B-00C04F79EFBC}") = "EFDatabaseContext", "EFDatabaseContext\EFDatabaseContext.csproj", "{1D103D44-C6B6-4276-A9B9-8D13C6514D94}"
EndProject
Global
	GlobalSection(SolutionConfigurationPlatforms) = preSolution
		Debug|Any CPU = Debug|Any CPU
		Release|Any CPU = Release|Any CPU
	EndGlobalSection
	GlobalSection(ProjectConfigurationPlatforms) = postSolution
		{F02155D6-8D80-4D05-9CE7-25BCD93F8371}.Debug|Any CPU.ActiveCfg = Debug|Any CPU
		{F02155D6-8D80-4D05-9CE7-25BCD93F8371}.Debug|Any CPU.Build.0 = Debug|Any CPU
		{F02155D6-8D80-4D05-9CE7-25BCD93F8371}.Release|Any CPU.ActiveCfg = Release|Any CPU
		{F02155D6-8D80-4D05-9CE7-25BCD93F8371}.Release|Any CPU.Build.0 = Release|Any CPU
		{0B3E4051-DE55-4B62-9272-7014451F7948}.Debug|Any CPU.ActiveCfg = Debug|Any CPU
		{0B3E4051-DE55-4B62-9272-7014451F7948}.Debug|Any CPU.Build.0 = Debug|Any CPU
		{0B3E4051-DE55-4B62-9272-7014451F7948}.Release|Any CPU.ActiveCfg = Release|Any CPU
		{0B3E4051-DE55-4B62-9272-7014451F7948}.Release|Any CPU.Build.0 = Release|Any CPU
		{CE3683F7-BBC7-4F4B-8B5B-0CBB381EBAB4}.Debug|Any CPU.ActiveCfg = Debug|Any CPU
		{CE3683F7-BBC7-4F4B-8B5B-0CBB381EBAB4}.Debug|Any CPU.Build.0 = Debug|Any CPU
		{CE3683F7-BBC7-4F4B-8B5B-0CBB381EBAB4}.Release|Any CPU.ActiveCfg = Release|Any CPU
		{CE3683F7-BBC7-4F4B-8B5B-0CBB381EBAB4}.Release|Any CPU.Build.0 = Release|Any CPU
		{4307F327-1B5E-42A1-A8AF-FFC1DB8F75CF}.Debug|Any CPU.ActiveCfg = Debug|Any CPU
		{4307F327-1B5E-42A1-A8AF-FFC1DB8F75CF}.Debug|Any CPU.Build.0 = Debug|Any CPU
		{4307F327-1B5E-42A1-A8AF-FFC1DB8F75CF}.Release|Any CPU.ActiveCfg = Release|Any CPU
		{4307F327-1B5E-42A1-A8AF-FFC1DB8F75CF}.Release|Any CPU.Build.0 = Release|Any CPU
		{1D103D44-C6B6-4276-A9B9-8D13C6514D94}.Debug|Any CPU.ActiveCfg = Debug|Any CPU
		{1D103D44-C6B6-4276-A9B9-8D13C6514D94}.Debug|Any CPU.Build.0 = Debug|Any CPU
		{1D103D44-C6B6-4276-A9B9-8D13C6514D94}.Release|Any CPU.ActiveCfg = Release|Any CPU
		{1D103D44-C6B6-4276-A9B9-8D13C6514D94}.Release|Any CPU.Build.0 = Release|Any CPU
	EndGlobalSection
	GlobalSection(SolutionProperties) = preSolution
		HideSolutionNode = FALSE
	EndGlobalSection
	GlobalSection(ExtensibilityGlobals) = postSolution
		SolutionGuid = {1FF50580-B6D4-4363-801B-2C90DF36D9BA}
	EndGlobalSection
EndGlobal
